{
  "name": "diavgeiaredefined",
  "version": "1.0.0",
  "lockfileVersion": 1,
  "requires": true,
  "dependencies": {
    "config": {
      "version": "1.29.4",
      "resolved": "https://registry.npmjs.org/config/-/config-1.29.4.tgz",
      "integrity": "sha1-G0J1LthrNj/EAllgVp/XSXiGKpI=",
      "dev": true,
      "requires": {
        "json5": "0.4.0",
        "os-homedir": "1.0.2"
      },
      "dependencies": {
        "json5": {
          "version": "0.4.0",
          "resolved": "https://registry.npmjs.org/json5/-/json5-0.4.0.tgz",
          "integrity": "sha1-BUNS5MTIDIbAkjh31EneF2pzLI0=",
          "dev": true
        },
        "os-homedir": {
          "version": "1.0.2",
          "resolved": "https://registry.npmjs.org/os-homedir/-/os-homedir-1.0.2.tgz",
          "integrity": "sha1-/7xJiDNuDoM94MFox+8VISGqf7M=",
          "dev": true
        }
      }
    },
    "cron-parser": {
      "version": "2.4.3",
      "resolved": "https://registry.npmjs.org/cron-parser/-/cron-parser-2.4.3.tgz",
      "integrity": "sha512-IcAjsFKIF7C3zCIqRDs5sKMNtiyPuj07JN94LP4IjwaZYgKm/Tc4pihanHqJhq6FeqMp0SG0wUTb+LAmPqexAw==",
      "requires": {
        "is-nan": "1.2.1",
        "moment-timezone": "0.5.14"
      }
    },
    "define-properties": {
      "version": "1.1.2",
      "resolved": "https://registry.npmjs.org/define-properties/-/define-properties-1.1.2.tgz",
      "integrity": "sha1-g6c/L+pWmJj7c3GTyPhzyvbUXJQ=",
      "requires": {
        "foreach": "2.0.5",
        "object-keys": "1.0.11"
      }
    },
    "expand-home-dir": {
      "version": "0.0.3",
      "resolved": "https://registry.npmjs.org/expand-home-dir/-/expand-home-dir-0.0.3.tgz",
      "integrity": "sha1-ct6KBIbMKKO71wRjU5iCW1tign0=",
      "dev": true
    },
    "foreach": {
      "version": "2.0.5",
      "resolved": "https://registry.npmjs.org/foreach/-/foreach-2.0.5.tgz",
      "integrity": "sha1-C+4AUBiusmDQo6865ljdATbsG5k="
    },
    "is-nan": {
      "version": "1.2.1",
      "resolved": "https://registry.npmjs.org/is-nan/-/is-nan-1.2.1.tgz",
      "integrity": "sha1-n69ltvttskt/XAYoR16nH5iEAeI=",
      "requires": {
        "define-properties": "1.1.2"
      }
    },
    "long-timeout": {
      "version": "0.1.1",
      "resolved": "https://registry.npmjs.org/long-timeout/-/long-timeout-0.1.1.tgz",
      "integrity": "sha1-lyHXiLR+C8taJMLivuGg2lXatRQ="
    },
    "moment": {
      "version": "2.19.2",
      "resolved": "https://registry.npmjs.org/moment/-/moment-2.19.2.tgz",
      "integrity": "sha512-Rf6jiHPEfxp9+dlzxPTmRHbvoFXsh2L/U8hOupUMpnuecHQmI6cF6lUbJl3QqKPko1u6ujO+FxtcajLVfLpAtA=="
    },
    "moment-timezone": {
      "version": "0.5.14",
      "resolved": "https://registry.npmjs.org/moment-timezone/-/moment-timezone-0.5.14.tgz",
      "integrity": "sha1-TrOP+VOLgBCLpGekWPPtQmjM/LE=",
      "requires": {
        "moment": "2.19.2"
      }
    },
    "node-schedule": {
      "version": "1.2.5",
      "resolved": "https://registry.npmjs.org/node-schedule/-/node-schedule-1.2.5.tgz",
      "integrity": "sha512-15EhURVgJz1kIms3H6rKcOOcZGSaHGCwB6mTRUBWZnpv4OPbX6e01OTPeSzx0W+f5Hx7iWafmk17+PyhD9fejg==",
      "requires": {
        "cron-parser": "2.4.3",
        "long-timeout": "0.1.1",
        "sorted-array-functions": "1.0.0"
      }
    },
    "npm-run": {
      "version": "4.1.2",
      "resolved": "https://registry.npmjs.org/npm-run/-/npm-run-4.1.2.tgz",
      "integrity": "sha1-EDDh7FaQjIn8w/o2bQOiwrqY65k=",
      "dev": true,
      "requires": {
        "cross-spawn": "5.1.0",
        "minimist": "1.2.0",
        "npm-path": "2.0.4",
        "npm-which": "3.0.1",
        "serializerr": "1.0.3",
        "sync-exec": "0.6.2"
      },
      "dependencies": {
        "commander": {
          "version": "2.14.1",
          "resolved": "https://registry.npmjs.org/commander/-/commander-2.14.1.tgz",
          "integrity": "sha512-+YR16o3rK53SmWHU3rEM3tPAh2rwb1yPcQX5irVn7mb0gXbwuCCrnkbV5+PBfETdfg1vui07nM6PCG1zndcjQw==",
          "dev": true
        },
        "cross-spawn": {
          "version": "5.1.0",
          "resolved": "https://registry.npmjs.org/cross-spawn/-/cross-spawn-5.1.0.tgz",
          "integrity": "sha1-6L0O/uWPz/b4+UUQoKVUu/ojVEk=",
          "dev": true,
          "requires": {
            "lru-cache": "4.1.1",
            "shebang-command": "1.2.0",
            "which": "1.3.0"
          }
        },
        "isexe": {
          "version": "2.0.0",
          "resolved": "https://registry.npmjs.org/isexe/-/isexe-2.0.0.tgz",
          "integrity": "sha1-6PvzdNxVb/iUehDcsFctYz8s+hA=",
          "dev": true
        },
        "lru-cache": {
          "version": "4.1.1",
          "resolved": "https://registry.npmjs.org/lru-cache/-/lru-cache-4.1.1.tgz",
          "integrity": "sha512-q4spe4KTfsAS1SUHLO0wz8Qiyf1+vMIAgpRYioFYDMNqKfHQbg+AVDH3i4fvpl71/P1L0dBl+fQi+P37UYf0ew==",
          "dev": true,
          "requires": {
            "pseudomap": "1.0.2",
            "yallist": "2.1.2"
          }
        },
        "minimist": {
          "version": "1.2.0",
          "resolved": "https://registry.npmjs.org/minimist/-/minimist-1.2.0.tgz",
          "integrity": "sha1-o1AIsg9BOD7sH7kU9M1d95omQoQ=",
          "dev": true
        },
        "npm-path": {
          "version": "2.0.4",
          "resolved": "https://registry.npmjs.org/npm-path/-/npm-path-2.0.4.tgz",
          "integrity": "sha512-IFsj0R9C7ZdR5cP+ET342q77uSRdtWOlWpih5eC+lu29tIDbNEgDbzgVJ5UFvYHWhxDZ5TFkJafFioO0pPQjCw==",
          "dev": true,
          "requires": {
            "which": "1.3.0"
          }
        },
        "npm-which": {
          "version": "3.0.1",
          "resolved": "https://registry.npmjs.org/npm-which/-/npm-which-3.0.1.tgz",
          "integrity": "sha1-kiXybsOihcIJyuZ8OxGmtKtxQKo=",
          "dev": true,
          "requires": {
            "commander": "2.14.1",
            "npm-path": "2.0.4",
            "which": "1.3.0"
          }
        },
        "protochain": {
          "version": "1.0.5",
          "resolved": "https://registry.npmjs.org/protochain/-/protochain-1.0.5.tgz",
          "integrity": "sha1-mRxAfpneJkqt+PgVBLXn+ve/omA=",
          "dev": true
        },
        "pseudomap": {
          "version": "1.0.2",
          "resolved": "https://registry.npmjs.org/pseudomap/-/pseudomap-1.0.2.tgz",
          "integrity": "sha1-8FKijacOYYkX7wqKw0wa5aaChrM=",
          "dev": true
        },
        "serializerr": {
          "version": "1.0.3",
          "resolved": "https://registry.npmjs.org/serializerr/-/serializerr-1.0.3.tgz",
          "integrity": "sha1-EtTFqhw/+49tHcXzlaqUVVacP5E=",
          "dev": true,
          "requires": {
            "protochain": "1.0.5"
          }
        },
        "shebang-command": {
          "version": "1.2.0",
          "resolved": "https://registry.npmjs.org/shebang-command/-/shebang-command-1.2.0.tgz",
          "integrity": "sha1-RKrGW2lbAzmJaMOfNj/uXer98eo=",
          "dev": true,
          "requires": {
            "shebang-regex": "1.0.0"
          }
        },
        "shebang-regex": {
          "version": "1.0.0",
          "resolved": "https://registry.npmjs.org/shebang-regex/-/shebang-regex-1.0.0.tgz",
          "integrity": "sha1-2kL0l0DAtC2yypcoVxyxkMmO/qM=",
          "dev": true
        },
        "sync-exec": {
          "version": "0.6.2",
          "resolved": "https://registry.npmjs.org/sync-exec/-/sync-exec-0.6.2.tgz",
          "integrity": "sha1-cX0izFPwzh3vVZQ2LzqJouu5EQU=",
          "dev": true
        },
        "which": {
          "version": "1.3.0",
          "resolved": "https://registry.npmjs.org/which/-/which-1.3.0.tgz",
          "integrity": "sha512-xcJpopdamTuY5duC/KnTTNBraPK54YwpenP4lzxU8H91GudWpFv38u0CKjclE1Wi2EH2EDz5LRcHcKbCIzqGyg==",
          "dev": true,
          "requires": {
            "isexe": "2.0.0"
          }
        },
        "yallist": {
          "version": "2.1.2",
          "resolved": "https://registry.npmjs.org/yallist/-/yallist-2.1.2.tgz",
          "integrity": "sha1-HBH5IY8HYImkfdUS+TxmmaaoHVI=",
          "dev": true
        }
      }
    },
    "object-keys": {
      "version": "1.0.11",
      "resolved": "https://registry.npmjs.org/object-keys/-/object-keys-1.0.11.tgz",
      "integrity": "sha1-xUYBd4rVYPEULODgG8yotW0TQm0="
    },
    "per-env": {
      "version": "1.0.2",
      "resolved": "https://registry.npmjs.org/per-env/-/per-env-1.0.2.tgz",
      "integrity": "sha1-dOXxosQBtyzv5/2HKz8/a3nAS7E="
    },
    "sorted-array-functions": {
      "version": "1.0.0",
      "resolved": "https://registry.npmjs.org/sorted-array-functions/-/sorted-array-functions-1.0.0.tgz",
      "integrity": "sha1-wLVU2ecJr/y+VtNMGyUUGX/Tgnk="
    }
  }
}
